
Microsoft Visual Studio Solution File, Format Version 12.00
# Visual Studio Version 16
VisualStudioVersion = 16.0.31402.337
MinimumVisualStudioVersion = 10.0.40219.1
Project("{9A19103F-16F7-4668-BE54-9A1E7A4F7556}") = "PageModel", "PageModel\PageModel.csproj", "{EF5F4F1C-6C86-4C29-8044-8545459C35EF}"
EndProject
Project("{9A19103F-16F7-4668-BE54-9A1E7A4F7556}") = "Tests", "Tests\Tests.csproj", "{0827E12B-31FF-4964-A1C7-5462C68B4BA3}"
EndProject
Project("{2150E333-8FDC-42A3-9474-1A3956D46DE8}") = "Solution Items", "Solution Items", "{990310B8-CF28-461A-9942-BDE24278E293}"
	ProjectSection(SolutionItems) = preProject
		NativeApp.runsettings = NativeApp.runsettings
		WebApp.runsettings = WebApp.runsettings
	EndProjectSection
EndProject
Global
	GlobalSection(SolutionConfigurationPlatforms) = preSolution
		Debug|Any CPU = Debug|Any CPU
		Release|Any CPU = Release|Any CPU
	EndGlobalSection
	GlobalSection(ProjectConfigurationPlatforms) = postSolution
		{EF5F4F1C-6C86-4C29-8044-8545459C35EF}.Debug|Any CPU.ActiveCfg = Debug|Any CPU
		{EF5F4F1C-6C86-4C29-8044-8545459C35EF}.Debug|Any CPU.Build.0 = Debug|Any CPU
		{EF5F4F1C-6C86-4C29-8044-8545459C35EF}.Release|Any CPU.ActiveCfg = Release|Any CPU
		{EF5F4F1C-6C86-4C29-8044-8545459C35EF}.Release|Any CPU.Build.0 = Release|Any CPU
		{0827E12B-31FF-4964-A1C7-5462C68B4BA3}.Debug|Any CPU.ActiveCfg = Debug|Any CPU
		{0827E12B-31FF-4964-A1C7-5462C68B4BA3}.Debug|Any CPU.Build.0 = Debug|Any CPU
		{0827E12B-31FF-4964-A1C7-5462C68B4BA3}.Release|Any CPU.ActiveCfg = Release|Any CPU
		{0827E12B-31FF-4964-A1C7-5462C68B4BA3}.Release|Any CPU.Build.0 = Release|Any CPU
	EndGlobalSection
	GlobalSection(SolutionProperties) = preSolution
		HideSolutionNode = FALSE
	EndGlobalSection
	GlobalSection(ExtensibilityGlobals) = postSolution
		SolutionGuid = {9EEB605C-717E-4D44-B7F6-CD4F1E6D8A4B}
	EndGlobalSection
EndGlobal
